// !$*UTF8*$!
{
	archiveVersion = 1;
	classes = {
	};
	objectVersion = 50;
	objects = {

/* Begin PBXBuildFile section */
		952FBFEC21B55E5200E9DBAF /* AppDelegate.swift in Sources */ = {isa = PBXBuildFile; fileRef = 952FBFEB21B55E5200E9DBAF /* AppDelegate.swift */; };
		952FBFEE21B55E5200E9DBAF /* MainViewController.swift in Sources */ = {isa = PBXBuildFile; fileRef = 952FBFED21B55E5200E9DBAF /* MainViewController.swift */; };
		952FBFF121B55E5200E9DBAF /* Main.storyboard in Resources */ = {isa = PBXBuildFile; fileRef = 952FBFEF21B55E5200E9DBAF /* Main.storyboard */; };
		952FBFF321B55E5400E9DBAF /* Assets.xcassets in Resources */ = {isa = PBXBuildFile; fileRef = 952FBFF221B55E5400E9DBAF /* Assets.xcassets */; };
		952FBFF621B55E5400E9DBAF /* LaunchScreen.storyboard in Resources */ = {isa = PBXBuildFile; fileRef = 952FBFF421B55E5400E9DBAF /* LaunchScreen.storyboard */; };
		952FC00121B55E5400E9DBAF /* SpottyTests.swift in Sources */ = {isa = PBXBuildFile; fileRef = 952FC00021B55E5400E9DBAF /* SpottyTests.swift */; };
		952FC01121B5857200E9DBAF /* StateManager.swift in Sources */ = {isa = PBXBuildFile; fileRef = 952FC01021B5857200E9DBAF /* StateManager.swift */; };
		95B36D8A21B5E0D4006FB893 /* AudioRecorder.swift in Sources */ = {isa = PBXBuildFile; fileRef = 95B36D8921B5E0D4006FB893 /* AudioRecorder.swift */; };
		95B36D8C21B69B92006FB893 /* StateControllerUIButton.swift in Sources */ = {isa = PBXBuildFile; fileRef = 95B36D8B21B69B92006FB893 /* StateControllerUIButton.swift */; };
		95B36D9021BEC6EA006FB893 /* SpectogramClassifier.swift in Sources */ = {isa = PBXBuildFile; fileRef = 95B36D8F21BEC6EA006FB893 /* SpectogramClassifier.swift */; };
		95B36D9221BECDEE006FB893 /* AudioProcessor.swift in Sources */ = {isa = PBXBuildFile; fileRef = 95B36D9121BECDEE006FB893 /* AudioProcessor.swift */; };
		95B36D9621DBCA61006FB893 /* FrequencyUITableViewCell.swift in Sources */ = {isa = PBXBuildFile; fileRef = 95B36D9521DBCA61006FB893 /* FrequencyUITableViewCell.swift */; };
		95B36D9821DC0983006FB893 /* MainTableViewController.swift in Sources */ = {isa = PBXBuildFile; fileRef = 95B36D9721DC0983006FB893 /* MainTableViewController.swift */; };
/* End PBXBuildFile section */

/* Begin PBXContainerItemProxy section */
		952FBFFD21B55E5400E9DBAF /* PBXContainerItemProxy */ = {
			isa = PBXContainerItemProxy;
			containerPortal = 952FBFE021B55E5200E9DBAF /* Project object */;
			proxyType = 1;
			remoteGlobalIDString = 952FBFE721B55E5200E9DBAF;
			remoteInfo = Spotty;
		};
/* End PBXContainerItemProxy section */

/* Begin PBXFileReference section */
		952FBFE821B55E5200E9DBAF /* Spotty.app */ = {isa = PBXFileReference; explicitFileType = wrapper.application; includeInIndex = 0; path = Spotty.app; sourceTree = BUILT_PRODUCTS_DIR; };
		952FBFEB21B55E5200E9DBAF /* AppDelegate.swift */ = {isa = PBXFileReference; lastKnownFileType = sourcecode.swift; path = AppDelegate.swift; sourceTree = "<group>"; };
		952FBFED21B55E5200E9DBAF /* MainViewController.swift */ = {isa = PBXFileReference; lastKnownFileType = sourcecode.swift; path = MainViewController.swift; sourceTree = "<group>"; };
		952FBFF021B55E5200E9DBAF /* Base */ = {isa = PBXFileReference; lastKnownFileType = file.storyboard; name = Base; path = Base.lproj/Main.storyboard; sourceTree = "<group>"; };
		952FBFF221B55E5400E9DBAF /* Assets.xcassets */ = {isa = PBXFileReference; lastKnownFileType = folder.assetcatalog; path = Assets.xcassets; sourceTree = "<group>"; };
		952FBFF521B55E5400E9DBAF /* Base */ = {isa = PBXFileReference; lastKnownFileType = file.storyboard; name = Base; path = Base.lproj/LaunchScreen.storyboard; sourceTree = "<group>"; };
		952FBFF721B55E5400E9DBAF /* Info.plist */ = {isa = PBXFileReference; lastKnownFileType = text.plist.xml; path = Info.plist; sourceTree = "<group>"; };
		952FBFFC21B55E5400E9DBAF /* SpottyTests.xctest */ = {isa = PBXFileReference; explicitFileType = wrapper.cfbundle; includeInIndex = 0; path = SpottyTests.xctest; sourceTree = BUILT_PRODUCTS_DIR; };
		952FC00021B55E5400E9DBAF /* SpottyTests.swift */ = {isa = PBXFileReference; lastKnownFileType = sourcecode.swift; path = SpottyTests.swift; sourceTree = "<group>"; };
		952FC00221B55E5400E9DBAF /* Info.plist */ = {isa = PBXFileReference; lastKnownFileType = text.plist.xml; path = Info.plist; sourceTree = "<group>"; };
		952FC01021B5857200E9DBAF /* StateManager.swift */ = {isa = PBXFileReference; lastKnownFileType = sourcecode.swift; path = StateManager.swift; sourceTree = "<group>"; };
		95B36D8921B5E0D4006FB893 /* AudioRecorder.swift */ = {isa = PBXFileReference; lastKnownFileType = sourcecode.swift; path = AudioRecorder.swift; sourceTree = "<group>"; };
		95B36D8B21B69B92006FB893 /* StateControllerUIButton.swift */ = {isa = PBXFileReference; fileEncoding = 4; lastKnownFileType = sourcecode.swift; path = StateControllerUIButton.swift; sourceTree = "<group>"; };
		95B36D8F21BEC6EA006FB893 /* SpectogramClassifier.swift */ = {isa = PBXFileReference; lastKnownFileType = sourcecode.swift; path = SpectogramClassifier.swift; sourceTree = "<group>"; };
		95B36D9121BECDEE006FB893 /* AudioProcessor.swift */ = {isa = PBXFileReference; lastKnownFileType = sourcecode.swift; path = AudioProcessor.swift; sourceTree = "<group>"; };
		95B36D9521DBCA61006FB893 /* FrequencyUITableViewCell.swift */ = {isa = PBXFileReference; lastKnownFileType = sourcecode.swift; path = FrequencyUITableViewCell.swift; sourceTree = "<group>"; };
		95B36D9721DC0983006FB893 /* MainTableViewController.swift */ = {isa = PBXFileReference; lastKnownFileType = sourcecode.swift; path = MainTableViewController.swift; sourceTree = "<group>"; };
/* End PBXFileReference section */

/* Begin PBXFrameworksBuildPhase section */
		952FBFE521B55E5200E9DBAF /* Frameworks */ = {
			isa = PBXFrameworksBuildPhase;
			buildActionMask = 2147483647;
			files = (
			);
			runOnlyForDeploymentPostprocessing = 0;
		};
		952FBFF921B55E5400E9DBAF /* Frameworks */ = {
			isa = PBXFrameworksBuildPhase;
			buildActionMask = 2147483647;
			files = (
			);
			runOnlyForDeploymentPostprocessing = 0;
		};
/* End PBXFrameworksBuildPhase section */

/* Begin PBXGroup section */
		952FBFDF21B55E5200E9DBAF = {
			isa = PBXGroup;
			children = (
				952FBFEA21B55E5200E9DBAF /* Spotty */,
				952FBFFF21B55E5400E9DBAF /* SpottyTests */,
				952FBFE921B55E5200E9DBAF /* Products */,
			);
			sourceTree = "<group>";
		};
		952FBFE921B55E5200E9DBAF /* Products */ = {
			isa = PBXGroup;
			children = (
				952FBFE821B55E5200E9DBAF /* Spotty.app */,
				952FBFFC21B55E5400E9DBAF /* SpottyTests.xctest */,
			);
			name = Products;
			sourceTree = "<group>";
		};
		952FBFEA21B55E5200E9DBAF /* Spotty */ = {
			isa = PBXGroup;
			children = (
				952FBFF221B55E5400E9DBAF /* Assets.xcassets */,
				95B36D8D21B69BA7006FB893 /* Controller */,
				952FBFF721B55E5400E9DBAF /* Info.plist */,
				952FC00D21B574DC00E9DBAF /* View */,
			);
			path = Spotty;
			sourceTree = "<group>";
		};
		952FBFFF21B55E5400E9DBAF /* SpottyTests */ = {
			isa = PBXGroup;
			children = (
				952FC00021B55E5400E9DBAF /* SpottyTests.swift */,
				952FC00221B55E5400E9DBAF /* Info.plist */,
			);
			path = SpottyTests;
			sourceTree = "<group>";
		};
		952FC00D21B574DC00E9DBAF /* View */ = {
			isa = PBXGroup;
			children = (
				952FBFF421B55E5400E9DBAF /* LaunchScreen.storyboard */,
				952FBFEF21B55E5200E9DBAF /* Main.storyboard */,
				95B36D8B21B69B92006FB893 /* StateControllerUIButton.swift */,
				952FBFED21B55E5200E9DBAF /* MainViewController.swift */,
				95B36D9721DC0983006FB893 /* MainTableViewController.swift */,
				95B36D9521DBCA61006FB893 /* FrequencyUITableViewCell.swift */,
			);
			path = View;
			sourceTree = "<group>";
		};
		95B36D8D21B69BA7006FB893 /* Controller */ = {
			isa = PBXGroup;
			children = (
				95B36D8E21BEC625006FB893 /* Classification */,
				952FBFEB21B55E5200E9DBAF /* AppDelegate.swift */,
				952FC01021B5857200E9DBAF /* StateManager.swift */,
				95B36D8921B5E0D4006FB893 /* AudioRecorder.swift */,
				95B36D9121BECDEE006FB893 /* AudioProcessor.swift */,
			);
			path = Controller;
			sourceTree = "<group>";
		};
		95B36D8E21BEC625006FB893 /* Classification */ = {
			isa = PBXGroup;
			children = (
				95B36D8F21BEC6EA006FB893 /* SpectogramClassifier.swift */,
			);
			path = Classification;
			sourceTree = "<group>";
		};
/* End PBXGroup section */

/* Begin PBXNativeTarget section */
		952FBFE721B55E5200E9DBAF /* Spotty */ = {
			isa = PBXNativeTarget;
			buildConfigurationList = 952FC00521B55E5400E9DBAF /* Build configuration list for PBXNativeTarget "Spotty" */;
			buildPhases = (
				952FBFE421B55E5200E9DBAF /* Sources */,
				952FBFE521B55E5200E9DBAF /* Frameworks */,
				952FBFE621B55E5200E9DBAF /* Resources */,
			);
			buildRules = (
			);
			dependencies = (
			);
			name = Spotty;
			productName = Spotty;
			productReference = 952FBFE821B55E5200E9DBAF /* Spotty.app */;
			productType = "com.apple.product-type.application";
		};
		952FBFFB21B55E5400E9DBAF /* SpottyTests */ = {
			isa = PBXNativeTarget;
			buildConfigurationList = 952FC00821B55E5400E9DBAF /* Build configuration list for PBXNativeTarget "SpottyTests" */;
			buildPhases = (
				952FBFF821B55E5400E9DBAF /* Sources */,
				952FBFF921B55E5400E9DBAF /* Frameworks */,
				952FBFFA21B55E5400E9DBAF /* Resources */,
			);
			buildRules = (
			);
			dependencies = (
				952FBFFE21B55E5400E9DBAF /* PBXTargetDependency */,
			);
			name = SpottyTests;
			productName = SpottyTests;
			productReference = 952FBFFC21B55E5400E9DBAF /* SpottyTests.xctest */;
			productType = "com.apple.product-type.bundle.unit-test";
		};
/* End PBXNativeTarget section */

/* Begin PBXProject section */
		952FBFE021B55E5200E9DBAF /* Project object */ = {
			isa = PBXProject;
			attributes = {
				LastSwiftUpdateCheck = 1010;
				LastUpgradeCheck = 1010;
				ORGANIZATIONNAME = Gennaro;
				TargetAttributes = {
					952FBFE721B55E5200E9DBAF = {
						CreatedOnToolsVersion = 10.1;
					};
					952FBFFB21B55E5400E9DBAF = {
						CreatedOnToolsVersion = 10.1;
						TestTargetID = 952FBFE721B55E5200E9DBAF;
					};
				};
			};
			buildConfigurationList = 952FBFE321B55E5200E9DBAF /* Build configuration list for PBXProject "Spotty" */;
			compatibilityVersion = "Xcode 9.3";
			developmentRegion = en;
			hasScannedForEncodings = 0;
			knownRegions = (
				en,
				Base,
			);
			mainGroup = 952FBFDF21B55E5200E9DBAF;
			productRefGroup = 952FBFE921B55E5200E9DBAF /* Products */;
			projectDirPath = "";
			projectRoot = "";
			targets = (
				952FBFE721B55E5200E9DBAF /* Spotty */,
				952FBFFB21B55E5400E9DBAF /* SpottyTests */,
			);
		};
/* End PBXProject section */

/* Begin PBXResourcesBuildPhase section */
		952FBFE621B55E5200E9DBAF /* Resources */ = {
			isa = PBXResourcesBuildPhase;
			buildActionMask = 2147483647;
			files = (
				952FBFF621B55E5400E9DBAF /* LaunchScreen.storyboard in Resources */,
				952FBFF321B55E5400E9DBAF /* Assets.xcassets in Resources */,
				952FBFF121B55E5200E9DBAF /* Main.storyboard in Resources */,
			);
			runOnlyForDeploymentPostprocessing = 0;
		};
		952FBFFA21B55E5400E9DBAF /* Resources */ = {
			isa = PBXResourcesBuildPhase;
			buildActionMask = 2147483647;
			files = (
			);
			runOnlyForDeploymentPostprocessing = 0;
		};
/* End PBXResourcesBuildPhase section */

/* Begin PBXSourcesBuildPhase section */
		952FBFE421B55E5200E9DBAF /* Sources */ = {
			isa = PBXSourcesBuildPhase;
			buildActionMask = 2147483647;
			files = (
				95B36D9821DC0983006FB893 /* MainTableViewController.swift in Sources */,
				952FC01121B5857200E9DBAF /* StateManager.swift in Sources */,
				952FBFEE21B55E5200E9DBAF /* MainViewController.swift in Sources */,
				95B36D8C21B69B92006FB893 /* StateControllerUIButton.swift in Sources */,
				95B36D9621DBCA61006FB893 /* FrequencyUITableViewCell.swift in Sources */,
				952FBFEC21B55E5200E9DBAF /* AppDelegate.swift in Sources */,
				95B36D9221BECDEE006FB893 /* AudioProcessor.swift in Sources */,
				95B36D8A21B5E0D4006FB893 /* AudioRecorder.swift in Sources */,
				95B36D9021BEC6EA006FB893 /* SpectogramClassifier.swift in Sources */,
			);
			runOnlyForDeploymentPostprocessing = 0;
		};
		952FBFF821B55E5400E9DBAF /* Sources */ = {
			isa = PBXSourcesBuildPhase;
			buildActionMask = 2147483647;
			files = (
				952FC00121B55E5400E9DBAF /* SpottyTests.swift in Sources */,
			);
			runOnlyForDeploymentPostprocessing = 0;
		};
/* End PBXSourcesBuildPhase section */

/* Begin PBXTargetDependency section */
		952FBFFE21B55E5400E9DBAF /* PBXTargetDependency */ = {
			isa = PBXTargetDependency;
			target = 952FBFE721B55E5200E9DBAF /* Spotty */;
			targetProxy = 952FBFFD21B55E5400E9DBAF /* PBXContainerItemProxy */;
		};
/* End PBXTargetDependency section */

/* Begin PBXVariantGroup section */
		952FBFEF21B55E5200E9DBAF /* Main.storyboard */ = {
			isa = PBXVariantGroup;
			children = (
				952FBFF021B55E5200E9DBAF /* Base */,
			);
			name = Main.storyboard;
			sourceTree = "<group>";
		};
		952FBFF421B55E5400E9DBAF /* LaunchScreen.storyboard */ = {
			isa = PBXVariantGroup;
			children = (
				952FBFF521B55E5400E9DBAF /* Base */,
			);
			name = LaunchScreen.storyboard;
			sourceTree = "<group>";
		};
/* End PBXVariantGroup section */

/* Begin XCBuildConfiguration section */
		952FC00321B55E5400E9DBAF /* Debug */ = {
			isa = XCBuildConfiguration;
			buildSettings = {
				ALWAYS_SEARCH_USER_PATHS = NO;
				CLANG_ANALYZER_NONNULL = YES;
				CLANG_ANALYZER_NUMBER_OBJECT_CONVERSION = YES_AGGRESSIVE;
				CLANG_CXX_LANGUAGE_STANDARD = "gnu++14";
				CLANG_CXX_LIBRARY = "libc++";
				CLANG_ENABLE_MODULES = YES;
				CLANG_ENABLE_OBJC_ARC = YES;
				CLANG_ENABLE_OBJC_WEAK = YES;
				CLANG_WARN_BLOCK_CAPTURE_AUTORELEASING = YES;
				CLANG_WARN_BOOL_CONVERSION = YES;
				CLANG_WARN_COMMA = YES;
				CLANG_WARN_CONSTANT_CONVERSION = YES;
				CLANG_WARN_DEPRECATED_OBJC_IMPLEMENTATIONS = YES;
				CLANG_WARN_DIRECT_OBJC_ISA_USAGE = YES_ERROR;
				CLANG_WARN_DOCUMENTATION_COMMENTS = YES;
				CLANG_WARN_EMPTY_BODY = YES;
				CLANG_WARN_ENUM_CONVERSION = YES;
				CLANG_WARN_INFINITE_RECURSION = YES;
				CLANG_WARN_INT_CONVERSION = YES;
				CLANG_WARN_NON_LITERAL_NULL_CONVERSION = YES;
				CLANG_WARN_OBJC_IMPLICIT_RETAIN_SELF = YES;
				CLANG_WARN_OBJC_LITERAL_CONVERSION = YES;
				CLANG_WARN_OBJC_ROOT_CLASS = YES_ERROR;
				CLANG_WARN_RANGE_LOOP_ANALYSIS = YES;
				CLANG_WARN_STRICT_PROTOTYPES = YES;
				CLANG_WARN_SUSPICIOUS_MOVE = YES;
				CLANG_WARN_UNGUARDED_AVAILABILITY = YES_AGGRESSIVE;
				CLANG_WARN_UNREACHABLE_CODE = YES;
				CLANG_WARN__DUPLICATE_METHOD_MATCH = YES;
				CODE_SIGN_IDENTITY = "iPhone Developer";
				COPY_PHASE_STRIP = NO;
				DEBUG_INFORMATION_FORMAT = dwarf;
				ENABLE_STRICT_OBJC_MSGSEND = YES;
				ENABLE_TESTABILITY = YES;
				GCC_C_LANGUAGE_STANDARD = gnu11;
				GCC_DYNAMIC_NO_PIC = NO;
				GCC_NO_COMMON_BLOCKS = YES;
				GCC_OPTIMIZATION_LEVEL = 0;
				GCC_PREPROCESSOR_DEFINITIONS = (
					"DEBUG=1",
					"$(inherited)",
				);
				GCC_WARN_64_TO_32_BIT_CONVERSION = YES;
				GCC_WARN_ABOUT_RETURN_TYPE = YES_ERROR;
				GCC_WARN_UNDECLARED_SELECTOR = YES;
				GCC_WARN_UNINITIALIZED_AUTOS = YES_AGGRESSIVE;
				GCC_WARN_UNUSED_FUNCTION = YES;
				GCC_WARN_UNUSED_VARIABLE = YES;
				IPHONEOS_DEPLOYMENT_TARGET = 12.1;
				MTL_ENABLE_DEBUG_INFO = INCLUDE_SOURCE;
				MTL_FAST_MATH = YES;
				ONLY_ACTIVE_ARCH = YES;
				SDKROOT = iphoneos;
				SWIFT_ACTIVE_COMPILATION_CONDITIONS = DEBUG;
				SWIFT_OPTIMIZATION_LEVEL = "-Onone";
			};
			name = Debug;
		};
		952FC00421B55E5400E9DBAF /* Release */ = {
			isa = XCBuildConfiguration;
			buildSettings = {
				ALWAYS_SEARCH_USER_PATHS = NO;
				CLANG_ANALYZER_NONNULL = YES;
				CLANG_ANALYZER_NUMBER_OBJECT_CONVERSION = YES_AGGRESSIVE;
				CLANG_CXX_LANGUAGE_STANDARD = "gnu++14";
				CLANG_CXX_LIBRARY = "libc++";
				CLANG_ENABLE_MODULES = YES;
				CLANG_ENABLE_OBJC_ARC = YES;
				CLANG_ENABLE_OBJC_WEAK = YES;
				CLANG_WARN_BLOCK_CAPTURE_AUTORELEASING = YES;
				CLANG_WARN_BOOL_CONVERSION = YES;
				CLANG_WARN_COMMA = YES;
				CLANG_WARN_CONSTANT_CONVERSION = YES;
				CLANG_WARN_DEPRECATED_OBJC_IMPLEMENTATIONS = YES;
				CLANG_WARN_DIRECT_OBJC_ISA_USAGE = YES_ERROR;
				CLANG_WARN_DOCUMENTATION_COMMENTS = YES;
				CLANG_WARN_EMPTY_BODY = YES;
				CLANG_WARN_ENUM_CONVERSION = YES;
				CLANG_WARN_INFINITE_RECURSION = YES;
				CLANG_WARN_INT_CONVERSION = YES;
				CLANG_WARN_NON_LITERAL_NULL_CONVERSION = YES;
				CLANG_WARN_OBJC_IMPLICIT_RETAIN_SELF = YES;
				CLANG_WARN_OBJC_LITERAL_CONVERSION = YES;
				CLANG_WARN_OBJC_ROOT_CLASS = YES_ERROR;
				CLANG_WARN_RANGE_LOOP_ANALYSIS = YES;
				CLANG_WARN_STRICT_PROTOTYPES = YES;
				CLANG_WARN_SUSPICIOUS_MOVE = YES;
				CLANG_WARN_UNGUARDED_AVAILABILITY = YES_AGGRESSIVE;
				CLANG_WARN_UNREACHABLE_CODE = YES;
				CLANG_WARN__DUPLICATE_METHOD_MATCH = YES;
				CODE_SIGN_IDENTITY = "iPhone Developer";
				COPY_PHASE_STRIP = NO;
				DEBUG_INFORMATION_FORMAT = "dwarf-with-dsym";
				ENABLE_NS_ASSERTIONS = NO;
				ENABLE_STRICT_OBJC_MSGSEND = YES;
				GCC_C_LANGUAGE_STANDARD = gnu11;
				GCC_NO_COMMON_BLOCKS = YES;
				GCC_WARN_64_TO_32_BIT_CONVERSION = YES;
				GCC_WARN_ABOUT_RETURN_TYPE = YES_ERROR;
				GCC_WARN_UNDECLARED_SELECTOR = YES;
				GCC_WARN_UNINITIALIZED_AUTOS = YES_AGGRESSIVE;
				GCC_WARN_UNUSED_FUNCTION = YES;
				GCC_WARN_UNUSED_VARIABLE = YES;
				IPHONEOS_DEPLOYMENT_TARGET = 12.1;
				MTL_ENABLE_DEBUG_INFO = NO;
				MTL_FAST_MATH = YES;
				SDKROOT = iphoneos;
				SWIFT_COMPILATION_MODE = wholemodule;
				SWIFT_OPTIMIZATION_LEVEL = "-O";
				VALIDATE_PRODUCT = YES;
			};
			name = Release;
		};
		952FC00621B55E5400E9DBAF /* Debug */ = {
			isa = XCBuildConfiguration;
			buildSettings = {
				ASSETCATALOG_COMPILER_APPICON_NAME = AppIcon;
				CODE_SIGN_STYLE = Automatic;
				INFOPLIST_FILE = Spotty/Info.plist;
				LD_RUNPATH_SEARCH_PATHS = (
					"$(inherited)",
					"@executable_path/Frameworks",
				);
				PRODUCT_BUNDLE_IDENTIFIER = com.geef.Spotty;
				PRODUCT_NAME = "$(TARGET_NAME)";
				SWIFT_VERSION = 4.2;
				TARGETED_DEVICE_FAMILY = "1,2";
			};
			name = Debug;
		};
		952FC00721B55E5400E9DBAF /* Release */ = {
			isa = XCBuildConfiguration;
			buildSettings = {
				ASSETCATALOG_COMPILER_APPICON_NAME = AppIcon;
				CODE_SIGN_STYLE = Automatic;
				INFOPLIST_FILE = Spotty/Info.plist;
				LD_RUNPATH_SEARCH_PATHS = (
					"$(inherited)",
					"@executable_path/Frameworks",
				);
				PRODUCT_BUNDLE_IDENTIFIER = com.geef.Spotty;
				PRODUCT_NAME = "$(TARGET_NAME)";
				SWIFT_VERSION = 4.2;
				TARGETED_DEVICE_FAMILY = "1,2";
			};
			name = Release;
		};
		952FC00921B55E5400E9DBAF /* Debug */ = {
			isa = XCBuildConfiguration;
			buildSettings = {
				ALWAYS_EMBED_SWIFT_STANDARD_LIBRARIES = YES;
				BUNDLE_LOADER = "$(TEST_HOST)";
				CODE_SIGN_STYLE = Automatic;
				INFOPLIST_FILE = SpottyTests/Info.plist;
				LD_RUNPATH_SEARCH_PATHS = (
					"$(inherited)",
					"@executable_path/Frameworks",
					"@loader_path/Frameworks",
				);
				PRODUCT_BUNDLE_IDENTIFIER = com.geef.SpottyTests;
				PRODUCT_NAME = "$(TARGET_NAME)";
				SWIFT_VERSION = 4.2;
				TARGETED_DEVICE_FAMILY = "1,2";
				TEST_HOST = "$(BUILT_PRODUCTS_DIR)/Spotty.app/Spotty";
			};
			name = Debug;
		};
		952FC00A21B55E5400E9DBAF /* Release */ = {
			isa = XCBuildConfiguration;
			buildSettings = {
				ALWAYS_EMBED_SWIFT_STANDARD_LIBRARIES = YES;
				BUNDLE_LOADER = "$(TEST_HOST)";
				CODE_SIGN_STYLE = Automatic;
				INFOPLIST_FILE = SpottyTests/Info.plist;
				LD_RUNPATH_SEARCH_PATHS = (
					"$(inherited)",
					"@executable_path/Frameworks",
					"@loader_path/Frameworks",
				);
				PRODUCT_BUNDLE_IDENTIFIER = com.geef.SpottyTests;
				PRODUCT_NAME = "$(TARGET_NAME)";
				SWIFT_VERSION = 4.2;
				TARGETED_DEVICE_FAMILY = "1,2";
				TEST_HOST = "$(BUILT_PRODUCTS_DIR)/Spotty.app/Spotty";
			};
			name = Release;
		};
/* End XCBuildConfiguration section */

/* Begin XCConfigurationList section */
		952FBFE321B55E5200E9DBAF /* Build configuration list for PBXProject "Spotty" */ = {
			isa = XCConfigurationList;
			buildConfigurations = (
				952FC00321B55E5400E9DBAF /* Debug */,
				952FC00421B55E5400E9DBAF /* Release */,
			);
			defaultConfigurationIsVisible = 0;
			defaultConfigurationName = Release;
		};
		952FC00521B55E5400E9DBAF /* Build configuration list for PBXNativeTarget "Spotty" */ = {
			isa = XCConfigurationList;
			buildConfigurations = (
				952FC00621B55E5400E9DBAF /* Debug */,
				952FC00721B55E5400E9DBAF /* Release */,
			);
			defaultConfigurationIsVisible = 0;
			defaultConfigurationName = Release;
		};
		952FC00821B55E5400E9DBAF /* Build configuration list for PBXNativeTarget "SpottyTests" */ = {
			isa = XCConfigurationList;
			buildConfigurations = (
				952FC00921B55E5400E9DBAF /* Debug */,
				952FC00A21B55E5400E9DBAF /* Release */,
			);
			defaultConfigurationIsVisible = 0;
			defaultConfigurationName = Release;
		};
/* End XCConfigurationList section */
	};
	rootObject = 952FBFE021B55E5200E9DBAF /* Project object */;
}
